// !$*UTF8*$!
{
	archiveVersion = 1;
	classes = {
	};
	objectVersion = 77;
	objects = {

/* Begin PBXBuildFile section */
		697857FB2D0F0418008A3A06 /* ARKit.framework in Frameworks */ = {isa = PBXBuildFile; fileRef = 697857FA2D0F0418008A3A06 /* ARKit.framework */; };
/* End PBXBuildFile section */

/* Begin PBXContainerItemProxy section */
		697857CE2D0D78D6008A3A06 /* PBXContainerItemProxy */ = {
			isa = PBXContainerItemProxy;
			containerPortal = 697857B52D0D78D4008A3A06 /* Project object */;
			proxyType = 1;
			remoteGlobalIDString = 697857BC2D0D78D4008A3A06;
			remoteInfo = learningConseptsOfSwiftUI;
		};
		697857D82D0D78D6008A3A06 /* PBXContainerItemProxy */ = {
			isa = PBXContainerItemProxy;
			containerPortal = 697857B52D0D78D4008A3A06 /* Project object */;
			proxyType = 1;
			remoteGlobalIDString = 697857BC2D0D78D4008A3A06;
			remoteInfo = learningConseptsOfSwiftUI;
		};
/* End PBXContainerItemProxy section */

/* Begin PBXFileReference section */
		697857BD2D0D78D4008A3A06 /* learningConseptsOfSwiftUI.app */ = {isa = PBXFileReference; explicitFileType = wrapper.application; includeInIndex = 0; path = learningConseptsOfSwiftUI.app; sourceTree = BUILT_PRODUCTS_DIR; };
		697857CD2D0D78D6008A3A06 /* learningConseptsOfSwiftUITests.xctest */ = {isa = PBXFileReference; explicitFileType = wrapper.cfbundle; includeInIndex = 0; path = learningConseptsOfSwiftUITests.xctest; sourceTree = BUILT_PRODUCTS_DIR; };
		697857D72D0D78D6008A3A06 /* learningConseptsOfSwiftUIUITests.xctest */ = {isa = PBXFileReference; explicitFileType = wrapper.cfbundle; includeInIndex = 0; path = learningConseptsOfSwiftUIUITests.xctest; sourceTree = BUILT_PRODUCTS_DIR; };
		697857FA2D0F0418008A3A06 /* ARKit.framework */ = {isa = PBXFileReference; lastKnownFileType = wrapper.framework; name = ARKit.framework; path = System/Library/Frameworks/ARKit.framework; sourceTree = SDKROOT; };
/* End PBXFileReference section */

/* Begin PBXFileSystemSynchronizedRootGroup section */
		697857BF2D0D78D4008A3A06 /* learningConseptsOfSwiftUI */ = {
			isa = PBXFileSystemSynchronizedRootGroup;
			path = learningConseptsOfSwiftUI;
			sourceTree = "<group>";
		};
		697857D02D0D78D6008A3A06 /* learningConseptsOfSwiftUITests */ = {
			isa = PBXFileSystemSynchronizedRootGroup;
			path = learningConseptsOfSwiftUITests;
			sourceTree = "<group>";
		};
		697857DA2D0D78D6008A3A06 /* learningConseptsOfSwiftUIUITests */ = {
			isa = PBXFileSystemSynchronizedRootGroup;
			path = learningConseptsOfSwiftUIUITests;
			sourceTree = "<group>";
		};
/* End PBXFileSystemSynchronizedRootGroup section */

/* Begin PBXFrameworksBuildPhase section */
		697857BA2D0D78D4008A3A06 /* Frameworks */ = {
			isa = PBXFrameworksBuildPhase;
			buildActionMask = 2147483647;
			files = (
				697857FB2D0F0418008A3A06 /* ARKit.framework in Frameworks */,
			);
			runOnlyForDeploymentPostprocessing = 0;
		};
		697857CA2D0D78D6008A3A06 /* Frameworks */ = {
			isa = PBXFrameworksBuildPhase;
			buildActionMask = 2147483647;
			files = (
			);
			runOnlyForDeploymentPostprocessing = 0;
		};
		697857D42D0D78D6008A3A06 /* Frameworks */ = {
			isa = PBXFrameworksBuildPhase;
			buildActionMask = 2147483647;
			files = (
			);
			runOnlyForDeploymentPostprocessing = 0;
		};
/* End PBXFrameworksBuildPhase section */

/* Begin PBXGroup section */
		697857B42D0D78D4008A3A06 = {
			isa = PBXGroup;
			children = (
				697857BF2D0D78D4008A3A06 /* learningConseptsOfSwiftUI */,
				697857D02D0D78D6008A3A06 /* learningConseptsOfSwiftUITests */,
				697857DA2D0D78D6008A3A06 /* learningConseptsOfSwiftUIUITests */,
				697857F92D0F0418008A3A06 /* Frameworks */,
				697857BE2D0D78D4008A3A06 /* Products */,
			);
			sourceTree = "<group>";
		};
		697857BE2D0D78D4008A3A06 /* Products */ = {
			isa = PBXGroup;
			children = (
				697857BD2D0D78D4008A3A06 /* learningConseptsOfSwiftUI.app */,
				697857CD2D0D78D6008A3A06 /* learningConseptsOfSwiftUITests.xctest */,
				697857D72D0D78D6008A3A06 /* learningConseptsOfSwiftUIUITests.xctest */,
			);
			name = Products;
			sourceTree = "<group>";
		};
		697857F92D0F0418008A3A06 /* Frameworks */ = {
			isa = PBXGroup;
			children = (
				697857FA2D0F0418008A3A06 /* ARKit.framework */,
			);
			name = Frameworks;
			sourceTree = "<group>";
		};
/* End PBXGroup section */

/* Begin PBXNativeTarget section */
		697857BC2D0D78D4008A3A06 /* learningConseptsOfSwiftUI */ = {
			isa = PBXNativeTarget;
			buildConfigurationList = 697857E12D0D78D6008A3A06 /* Build configuration list for PBXNativeTarget "learningConseptsOfSwiftUI" */;
			buildPhases = (
				697857B92D0D78D4008A3A06 /* Sources */,
				697857BA2D0D78D4008A3A06 /* Frameworks */,
				697857BB2D0D78D4008A3A06 /* Resources */,
			);
			buildRules = (
			);
			dependencies = (
			);
			fileSystemSynchronizedGroups = (
				697857BF2D0D78D4008A3A06 /* learningConseptsOfSwiftUI */,
			);
			name = learningConseptsOfSwiftUI;
			packageProductDependencies = (
			);
			productName = learningConseptsOfSwiftUI;
			productReference = 697857BD2D0D78D4008A3A06 /* learningConseptsOfSwiftUI.app */;
			productType = "com.apple.product-type.application";
		};
		697857CC2D0D78D6008A3A06 /* learningConseptsOfSwiftUITests */ = {
			isa = PBXNativeTarget;
			buildConfigurationList = 697857E42D0D78D6008A3A06 /* Build configuration list for PBXNativeTarget "learningConseptsOfSwiftUITests" */;
			buildPhases = (
				697857C92D0D78D6008A3A06 /* Sources */,
				697857CA2D0D78D6008A3A06 /* Frameworks */,
				697857CB2D0D78D6008A3A06 /* Resources */,
			);
			buildRules = (
			);
			dependencies = (
				697857CF2D0D78D6008A3A06 /* PBXTargetDependency */,
			);
			fileSystemSynchronizedGroups = (
				697857D02D0D78D6008A3A06 /* learningConseptsOfSwiftUITests */,
			);
			name = learningConseptsOfSwiftUITests;
			packageProductDependencies = (
			);
			productName = learningConseptsOfSwiftUITests;
			productReference = 697857CD2D0D78D6008A3A06 /* learningConseptsOfSwiftUITests.xctest */;
			productType = "com.apple.product-type.bundle.unit-test";
		};
		697857D62D0D78D6008A3A06 /* learningConseptsOfSwiftUIUITests */ = {
			isa = PBXNativeTarget;
			buildConfigurationList = 697857E72D0D78D6008A3A06 /* Build configuration list for PBXNativeTarget "learningConseptsOfSwiftUIUITests" */;
			buildPhases = (
				697857D32D0D78D6008A3A06 /* Sources */,
				697857D42D0D78D6008A3A06 /* Frameworks */,
				697857D52D0D78D6008A3A06 /* Resources */,
			);
			buildRules = (
			);
			dependencies = (
				697857D92D0D78D6008A3A06 /* PBXTargetDependency */,
			);
			fileSystemSynchronizedGroups = (
				697857DA2D0D78D6008A3A06 /* learningConseptsOfSwiftUIUITests */,
			);
			name = learningConseptsOfSwiftUIUITests;
			packageProductDependencies = (
			);
			productName = learningConseptsOfSwiftUIUITests;
			productReference = 697857D72D0D78D6008A3A06 /* learningConseptsOfSwiftUIUITests.xctest */;
			productType = "com.apple.product-type.bundle.ui-testing";
		};
/* End PBXNativeTarget section */

/* Begin PBXProject section */
		697857B52D0D78D4008A3A06 /* Project object */ = {
			isa = PBXProject;
			attributes = {
				BuildIndependentTargetsInParallel = 1;
				LastSwiftUpdateCheck = 1610;
				LastUpgradeCheck = 1610;
				TargetAttributes = {
					697857BC2D0D78D4008A3A06 = {
						CreatedOnToolsVersion = 16.1;
					};
					697857CC2D0D78D6008A3A06 = {
						CreatedOnToolsVersion = 16.1;
						TestTargetID = 697857BC2D0D78D4008A3A06;
					};
					697857D62D0D78D6008A3A06 = {
						CreatedOnToolsVersion = 16.1;
						TestTargetID = 697857BC2D0D78D4008A3A06;
					};
				};
			};
			buildConfigurationList = 697857B82D0D78D4008A3A06 /* Build configuration list for PBXProject "learningConseptsOfSwiftUI" */;
			developmentRegion = en;
			hasScannedForEncodings = 0;
			knownRegions = (
				en,
				Base,
			);
			mainGroup = 697857B42D0D78D4008A3A06;
			minimizedProjectReferenceProxies = 1;
			preferredProjectObjectVersion = 77;
			productRefGroup = 697857BE2D0D78D4008A3A06 /* Products */;
			projectDirPath = "";
			projectRoot = "";
			targets = (
				697857BC2D0D78D4008A3A06 /* learningConseptsOfSwiftUI */,
				697857CC2D0D78D6008A3A06 /* learningConseptsOfSwiftUITests */,
				697857D62D0D78D6008A3A06 /* learningConseptsOfSwiftUIUITests */,
			);
		};
/* End PBXProject section */

/* Begin PBXResourcesBuildPhase section */
		697857BB2D0D78D4008A3A06 /* Resources */ = {
			isa = PBXResourcesBuildPhase;
			buildActionMask = 2147483647;
			files = (
			);
			runOnlyForDeploymentPostprocessing = 0;
		};
		697857CB2D0D78D6008A3A06 /* Resources */ = {
			isa = PBXResourcesBuildPhase;
			buildActionMask = 2147483647;
			files = (
			);
			runOnlyForDeploymentPostprocessing = 0;
		};
		697857D52D0D78D6008A3A06 /* Resources */ = {
			isa = PBXResourcesBuildPhase;
			buildActionMask = 2147483647;
			files = (
			);
			runOnlyForDeploymentPostprocessing = 0;
		};
/* End PBXResourcesBuildPhase section */

/* Begin PBXSourcesBuildPhase section */
		697857B92D0D78D4008A3A06 /* Sources */ = {
			isa = PBXSourcesBuildPhase;
			buildActionMask = 2147483647;
			files = (
			);
			runOnlyForDeploymentPostprocessing = 0;
		};
		697857C92D0D78D6008A3A06 /* Sources */ = {
			isa = PBXSourcesBuildPhase;
			buildActionMask = 2147483647;
			files = (
			);
			runOnlyForDeploymentPostprocessing = 0;
		};
		697857D32D0D78D6008A3A06 /* Sources */ = {
			isa = PBXSourcesBuildPhase;
			buildActionMask = 2147483647;
			files = (
			);
			runOnlyForDeploymentPostprocessing = 0;
		};
/* End PBXSourcesBuildPhase section */

/* Begin PBXTargetDependency section */
		697857CF2D0D78D6008A3A06 /* PBXTargetDependency */ = {
			isa = PBXTargetDependency;
			target = 697857BC2D0D78D4008A3A06 /* learningConseptsOfSwiftUI */;
			targetProxy = 697857CE2D0D78D6008A3A06 /* PBXContainerItemProxy */;
		};
		697857D92D0D78D6008A3A06 /* PBXTargetDependency */ = {
			isa = PBXTargetDependency;
			target = 697857BC2D0D78D4008A3A06 /* learningConseptsOfSwiftUI */;
			targetProxy = 697857D82D0D78D6008A3A06 /* PBXContainerItemProxy */;
		};
/* End PBXTargetDependency section */

/* Begin XCBuildConfiguration section */
		697857DF2D0D78D6008A3A06 /* Debug */ = {
			isa = XCBuildConfiguration;
			buildSettings = {
				ALWAYS_SEARCH_USER_PATHS = NO;
				ASSETCATALOG_COMPILER_GENERATE_SWIFT_ASSET_SYMBOL_EXTENSIONS = YES;
				CLANG_ANALYZER_NONNULL = YES;
				CLANG_ANALYZER_NUMBER_OBJECT_CONVERSION = YES_AGGRESSIVE;
				CLANG_CXX_LANGUAGE_STANDARD = "gnu++20";
				CLANG_ENABLE_MODULES = YES;
				CLANG_ENABLE_OBJC_ARC = YES;
				CLANG_ENABLE_OBJC_WEAK = YES;
				CLANG_WARN_BLOCK_CAPTURE_AUTORELEASING = YES;
				CLANG_WARN_BOOL_CONVERSION = YES;
				CLANG_WARN_COMMA = YES;
				CLANG_WARN_CONSTANT_CONVERSION = YES;
				CLANG_WARN_DEPRECATED_OBJC_IMPLEMENTATIONS = YES;
				CLANG_WARN_DIRECT_OBJC_ISA_USAGE = YES_ERROR;
				CLANG_WARN_DOCUMENTATION_COMMENTS = YES;
				CLANG_WARN_EMPTY_BODY = YES;
				CLANG_WARN_ENUM_CONVERSION = YES;
				CLANG_WARN_INFINITE_RECURSION = YES;
				CLANG_WARN_INT_CONVERSION = YES;
				CLANG_WARN_NON_LITERAL_NULL_CONVERSION = YES;
				CLANG_WARN_OBJC_IMPLICIT_RETAIN_SELF = YES;
				CLANG_WARN_OBJC_LITERAL_CONVERSION = YES;
				CLANG_WARN_OBJC_ROOT_CLASS = YES_ERROR;
				CLANG_WARN_QUOTED_INCLUDE_IN_FRAMEWORK_HEADER = YES;
				CLANG_WARN_RANGE_LOOP_ANALYSIS = YES;
				CLANG_WARN_STRICT_PROTOTYPES = YES;
				CLANG_WARN_SUSPICIOUS_MOVE = YES;
				CLANG_WARN_UNGUARDED_AVAILABILITY = YES_AGGRESSIVE;
				CLANG_WARN_UNREACHABLE_CODE = YES;
				CLANG_WARN__DUPLICATE_METHOD_MATCH = YES;
				COPY_PHASE_STRIP = NO;
				DEBUG_INFORMATION_FORMAT = dwarf;
				ENABLE_STRICT_OBJC_MSGSEND = YES;
				ENABLE_TESTABILITY = YES;
				ENABLE_USER_SCRIPT_SANDBOXING = YES;
				GCC_C_LANGUAGE_STANDARD = gnu17;
				GCC_DYNAMIC_NO_PIC = NO;
				GCC_NO_COMMON_BLOCKS = YES;
				GCC_OPTIMIZATION_LEVEL = 0;
				GCC_PREPROCESSOR_DEFINITIONS = (
					"DEBUG=1",
					"$(inherited)",
				);
				GCC_WARN_64_TO_32_BIT_CONVERSION = YES;
				GCC_WARN_ABOUT_RETURN_TYPE = YES_ERROR;
				GCC_WARN_UNDECLARED_SELECTOR = YES;
				GCC_WARN_UNINITIALIZED_AUTOS = YES_AGGRESSIVE;
				GCC_WARN_UNUSED_FUNCTION = YES;
				GCC_WARN_UNUSED_VARIABLE = YES;
				IPHONEOS_DEPLOYMENT_TARGET = 18.1;
				LOCALIZATION_PREFERS_STRING_CATALOGS = YES;
				MTL_ENABLE_DEBUG_INFO = INCLUDE_SOURCE;
				MTL_FAST_MATH = YES;
				ONLY_ACTIVE_ARCH = YES;
				SDKROOT = iphoneos;
				SWIFT_ACTIVE_COMPILATION_CONDITIONS = "DEBUG $(inherited)";
				SWIFT_OPTIMIZATION_LEVEL = "-Onone";
			};
			name = Debug;
		};
		697857E02D0D78D6008A3A06 /* Release */ = {
			isa = XCBuildConfiguration;
			buildSettings = {
				ALWAYS_SEARCH_USER_PATHS = NO;
				ASSETCATALOG_COMPILER_GENERATE_SWIFT_ASSET_SYMBOL_EXTENSIONS = YES;
				CLANG_ANALYZER_NONNULL = YES;
				CLANG_ANALYZER_NUMBER_OBJECT_CONVERSION = YES_AGGRESSIVE;
				CLANG_CXX_LANGUAGE_STANDARD = "gnu++20";
				CLANG_ENABLE_MODULES = YES;
				CLANG_ENABLE_OBJC_ARC = YES;
				CLANG_ENABLE_OBJC_WEAK = YES;
				CLANG_WARN_BLOCK_CAPTURE_AUTORELEASING = YES;
				CLANG_WARN_BOOL_CONVERSION = YES;
				CLANG_WARN_COMMA = YES;
				CLANG_WARN_CONSTANT_CONVERSION = YES;
				CLANG_WARN_DEPRECATED_OBJC_IMPLEMENTATIONS = YES;
				CLANG_WARN_DIRECT_OBJC_ISA_USAGE = YES_ERROR;
				CLANG_WARN_DOCUMENTATION_COMMENTS = YES;
				CLANG_WARN_EMPTY_BODY = YES;
				CLANG_WARN_ENUM_CONVERSION = YES;
				CLANG_WARN_INFINITE_RECURSION = YES;
				CLANG_WARN_INT_CONVERSION = YES;
				CLANG_WARN_NON_LITERAL_NULL_CONVERSION = YES;
				CLANG_WARN_OBJC_IMPLICIT_RETAIN_SELF = YES;
				CLANG_WARN_OBJC_LITERAL_CONVERSION = YES;
				CLANG_WARN_OBJC_ROOT_CLASS = YES_ERROR;
				CLANG_WARN_QUOTED_INCLUDE_IN_FRAMEWORK_HEADER = YES;
				CLANG_WARN_RANGE_LOOP_ANALYSIS = YES;
				CLANG_WARN_STRICT_PROTOTYPES = YES;
				CLANG_WARN_SUSPICIOUS_MOVE = YES;
				CLANG_WARN_UNGUARDED_AVAILABILITY = YES_AGGRESSIVE;
				CLANG_WARN_UNREACHABLE_CODE = YES;
				CLANG_WARN__DUPLICATE_METHOD_MATCH = YES;
				COPY_PHASE_STRIP = NO;
				DEBUG_INFORMATION_FORMAT = "dwarf-with-dsym";
				ENABLE_NS_ASSERTIONS = NO;
				ENABLE_STRICT_OBJC_MSGSEND = YES;
				ENABLE_USER_SCRIPT_SANDBOXING = YES;
				GCC_C_LANGUAGE_STANDARD = gnu17;
				GCC_NO_COMMON_BLOCKS = YES;
				GCC_WARN_64_TO_32_BIT_CONVERSION = YES;
				GCC_WARN_ABOUT_RETURN_TYPE = YES_ERROR;
				GCC_WARN_UNDECLARED_SELECTOR = YES;
				GCC_WARN_UNINITIALIZED_AUTOS = YES_AGGRESSIVE;
				GCC_WARN_UNUSED_FUNCTION = YES;
				GCC_WARN_UNUSED_VARIABLE = YES;
				IPHONEOS_DEPLOYMENT_TARGET = 18.1;
				LOCALIZATION_PREFERS_STRING_CATALOGS = YES;
				MTL_ENABLE_DEBUG_INFO = NO;
				MTL_FAST_MATH = YES;
				SDKROOT = iphoneos;
				SWIFT_COMPILATION_MODE = wholemodule;
				VALIDATE_PRODUCT = YES;
			};
			name = Release;
		};
		697857E22D0D78D6008A3A06 /* Debug */ = {
			isa = XCBuildConfiguration;
			buildSettings = {
				ASSETCATALOG_COMPILER_APPICON_NAME = AppIcon;
				ASSETCATALOG_COMPILER_GLOBAL_ACCENT_COLOR_NAME = AccentColor;
				CODE_SIGN_STYLE = Automatic;
				CURRENT_PROJECT_VERSION = 1;
				DEVELOPMENT_ASSET_PATHS = "\"learningConseptsOfSwiftUI/Preview Content\"";
				DEVELOPMENT_TEAM = V2DM7SAM75;
				ENABLE_PREVIEWS = YES;
				GENERATE_INFOPLIST_FILE = YES;
				INFOPLIST_KEY_NSCameraUsageDescription = "or AR use";
				INFOPLIST_KEY_UIApplicationSceneManifest_Generation = YES;
				INFOPLIST_KEY_UIApplicationSupportsIndirectInputEvents = YES;
				INFOPLIST_KEY_UILaunchScreen_Generation = YES;
				INFOPLIST_KEY_UISupportedInterfaceOrientations_iPad = "UIInterfaceOrientationPortrait UIInterfaceOrientationPortraitUpsideDown UIInterfaceOrientationLandscapeLeft UIInterfaceOrientationLandscapeRight";
				INFOPLIST_KEY_UISupportedInterfaceOrientations_iPhone = "UIInterfaceOrientationPortrait UIInterfaceOrientationLandscapeLeft UIInterfaceOrientationLandscapeRight";
				IPHONEOS_DEPLOYMENT_TARGET = 18.0;
				LD_RUNPATH_SEARCH_PATHS = (
					"$(inherited)",
					"@executable_path/Frameworks",
				);
				MARKETING_VERSION = 1.0;
				PRODUCT_BUNDLE_IDENTIFIER = vaibhav.learningConseptsOfSwiftUI;
				PRODUCT_NAME = "$(TARGET_NAME)";
				SWIFT_EMIT_LOC_STRINGS = YES;
				SWIFT_VERSION = 5.0;
				TARGETED_DEVICE_FAMILY = "1,2";
			};
			name = Debug;
		};
		697857E32D0D78D6008A3A06 /* Release */ = {
			isa = XCBuildConfiguration;
			buildSettings = {
				ASSETCATALOG_COMPILER_APPICON_NAME = AppIcon;
				ASSETCATALOG_COMPILER_GLOBAL_ACCENT_COLOR_NAME = AccentColor;
				CODE_SIGN_STYLE = Automatic;
				CURRENT_PROJECT_VERSION = 1;
				DEVELOPMENT_ASSET_PATHS = "\"learningConseptsOfSwiftUI/Preview Content\"";
				DEVELOPMENT_TEAM = V2DM7SAM75;
				ENABLE_PREVIEWS = YES;
				GENERATE_INFOPLIST_FILE = YES;
				INFOPLIST_KEY_NSCameraUsageDescription = "or AR use";
				INFOPLIST_KEY_UIApplicationSceneManifest_Generation = YES;
				INFOPLIST_KEY_UIApplicationSupportsIndirectInputEvents = YES;
				INFOPLIST_KEY_UILaunchScreen_Generation = YES;
				INFOPLIST_KEY_UISupportedInterfaceOrientations_iPad = "UIInterfaceOrientationPortrait UIInterfaceOrientationPortraitUpsideDown UIInterfaceOrientationLandscapeLeft UIInterfaceOrientationLandscapeRight";
				INFOPLIST_KEY_UISupportedInterfaceOrientations_iPhone = "UIInterfaceOrientationPortrait UIInterfaceOrientationLandscapeLeft UIInterfaceOrientationLandscapeRight";
				IPHONEOS_DEPLOYMENT_TARGET = 18.0;
				LD_RUNPATH_SEARCH_PATHS = (
					"$(inherited)",
					"@executable_path/Frameworks",
				);
				MARKETING_VERSION = 1.0;
				PRODUCT_BUNDLE_IDENTIFIER = vaibhav.learningConseptsOfSwiftUI;
				PRODUCT_NAME = "$(TARGET_NAME)";
				SWIFT_EMIT_LOC_STRINGS = YES;
				SWIFT_VERSION = 5.0;
				TARGETED_DEVICE_FAMILY = "1,2";
			};
			name = Release;
		};
		697857E52D0D78D6008A3A06 /* Debug */ = {
			isa = XCBuildConfiguration;
			buildSettings = {
				BUNDLE_LOADER = "$(TEST_HOST)";
				CODE_SIGN_STYLE = Automatic;
				CURRENT_PROJECT_VERSION = 1;
				GENERATE_INFOPLIST_FILE = YES;
				IPHONEOS_DEPLOYMENT_TARGET = 18.1;
				MARKETING_VERSION = 1.0;
				PRODUCT_BUNDLE_IDENTIFIER = vaibhav.learningConseptsOfSwiftUITests;
				PRODUCT_NAME = "$(TARGET_NAME)";
				SWIFT_EMIT_LOC_STRINGS = NO;
				SWIFT_VERSION = 5.0;
				TARGETED_DEVICE_FAMILY = "1,2";
				TEST_HOST = "$(BUILT_PRODUCTS_DIR)/learningConseptsOfSwiftUI.app/$(BUNDLE_EXECUTABLE_FOLDER_PATH)/learningConseptsOfSwiftUI";
			};
			name = Debug;
		};
		697857E62D0D78D6008A3A06 /* Release */ = {
			isa = XCBuildConfiguration;
			buildSettings = {
				BUNDLE_LOADER = "$(TEST_HOST)";
				CODE_SIGN_STYLE = Automatic;
				CURRENT_PROJECT_VERSION = 1;
				GENERATE_INFOPLIST_FILE = YES;
				IPHONEOS_DEPLOYMENT_TARGET = 18.1;
				MARKETING_VERSION = 1.0;
				PRODUCT_BUNDLE_IDENTIFIER = vaibhav.learningConseptsOfSwiftUITests;
				PRODUCT_NAME = "$(TARGET_NAME)";
				SWIFT_EMIT_LOC_STRINGS = NO;
				SWIFT_VERSION = 5.0;
				TARGETED_DEVICE_FAMILY = "1,2";
				TEST_HOST = "$(BUILT_PRODUCTS_DIR)/learningConseptsOfSwiftUI.app/$(BUNDLE_EXECUTABLE_FOLDER_PATH)/learningConseptsOfSwiftUI";
			};
			name = Release;
		};
		697857E82D0D78D6008A3A06 /* Debug */ = {
			isa = XCBuildConfiguration;
			buildSettings = {
				CODE_SIGN_STYLE = Automatic;
				CURRENT_PROJECT_VERSION = 1;
				GENERATE_INFOPLIST_FILE = YES;
				MARKETING_VERSION = 1.0;
				PRODUCT_BUNDLE_IDENTIFIER = vaibhav.learningConseptsOfSwiftUIUITests;
				PRODUCT_NAME = "$(TARGET_NAME)";
				SWIFT_EMIT_LOC_STRINGS = NO;
				SWIFT_VERSION = 5.0;
				TARGETED_DEVICE_FAMILY = "1,2";
				TEST_TARGET_NAME = learningConseptsOfSwiftUI;
			};
			name = Debug;
		};
		697857E92D0D78D6008A3A06 /* Release */ = {
			isa = XCBuildConfiguration;
			buildSettings = {
				CODE_SIGN_STYLE = Automatic;
				CURRENT_PROJECT_VERSION = 1;
				GENERATE_INFOPLIST_FILE = YES;
				MARKETING_VERSION = 1.0;
				PRODUCT_BUNDLE_IDENTIFIER = vaibhav.learningConseptsOfSwiftUIUITests;
				PRODUCT_NAME = "$(TARGET_NAME)";
				SWIFT_EMIT_LOC_STRINGS = NO;
				SWIFT_VERSION = 5.0;
				TARGETED_DEVICE_FAMILY = "1,2";
				TEST_TARGET_NAME = learningConseptsOfSwiftUI;
			};
			name = Release;
		};
/* End XCBuildConfiguration section */

/* Begin XCConfigurationList section */
		697857B82D0D78D4008A3A06 /* Build configuration list for PBXProject "learningConseptsOfSwiftUI" */ = {
			isa = XCConfigurationList;
			buildConfigurations = (
				697857DF2D0D78D6008A3A06 /* Debug */,
				697857E02D0D78D6008A3A06 /* Release */,
			);
			defaultConfigurationIsVisible = 0;
			defaultConfigurationName = Release;
		};
		697857E12D0D78D6008A3A06 /* Build configuration list for PBXNativeTarget "learningConseptsOfSwiftUI" */ = {
			isa = XCConfigurationList;
			buildConfigurations = (
				697857E22D0D78D6008A3A06 /* Debug */,
				697857E32D0D78D6008A3A06 /* Release */,
			);
			defaultConfigurationIsVisible = 0;
			defaultConfigurationName = Release;
		};
		697857E42D0D78D6008A3A06 /* Build configuration list for PBXNativeTarget "learningConseptsOfSwiftUITests" */ = {
			isa = XCConfigurationList;
			buildConfigurations = (
				697857E52D0D78D6008A3A06 /* Debug */,
				697857E62D0D78D6008A3A06 /* Release */,
			);
			defaultConfigurationIsVisible = 0;
			defaultConfigurationName = Release;
		};
		697857E72D0D78D6008A3A06 /* Build configuration list for PBXNativeTarget "learningConseptsOfSwiftUIUITests" */ = {
			isa = XCConfigurationList;
			buildConfigurations = (
				697857E82D0D78D6008A3A06 /* Debug */,
				697857E92D0D78D6008A3A06 /* Release */,
			);
			defaultConfigurationIsVisible = 0;
			defaultConfigurationName = Release;
		};
/* End XCConfigurationList section */
	};
	rootObject = 697857B52D0D78D4008A3A06 /* Project object */;
}
